
Microsoft Visual Studio Solution File, Format Version 12.00
# Visual Studio 15
VisualStudioVersion = 15.0.27428.2027
MinimumVisualStudioVersion = 10.0.40219.1
Project("{FAE04EC0-301F-11D3-BF4B-00C04F79EFBC}") = "CRUDANDROIDMYSQL_", "CRUDANDROIDMYSQL_\CRUDANDROIDMYSQL_.csproj", "{EA4D618D-C75E-4B6D-8F37-3FD29157D780}"
EndProject
Global
	GlobalSection(SolutionConfigurationPlatforms) = preSolution
		Debug|Any CPU = Debug|Any CPU
		Release|Any CPU = Release|Any CPU
	EndGlobalSection
	GlobalSection(ProjectConfigurationPlatforms) = postSolution
		{EA4D618D-C75E-4B6D-8F37-3FD29157D780}.Debug|Any CPU.ActiveCfg = Debug|Any CPU
		{EA4D618D-C75E-4B6D-8F37-3FD29157D780}.Debug|Any CPU.Build.0 = Debug|Any CPU
		{EA4D618D-C75E-4B6D-8F37-3FD29157D780}.Debug|Any CPU.Deploy.0 = Debug|Any CPU
		{EA4D618D-C75E-4B6D-8F37-3FD29157D780}.Release|Any CPU.ActiveCfg = Release|Any CPU
		{EA4D618D-C75E-4B6D-8F37-3FD29157D780}.Release|Any CPU.Build.0 = Release|Any CPU
		{EA4D618D-C75E-4B6D-8F37-3FD29157D780}.Release|Any CPU.Deploy.0 = Release|Any CPU
	EndGlobalSection
	GlobalSection(SolutionProperties) = preSolution
		HideSolutionNode = FALSE
	EndGlobalSection
	GlobalSection(ExtensibilityGlobals) = postSolution
		SolutionGuid = {F6DE9B44-DB87-4B59-BB48-BAA74C469590}
	EndGlobalSection
EndGlobal
